// !$*UTF8*$!
{
	archiveVersion = 1;
	classes = {
	};
	objectVersion = 56;
	objects = {

/* Begin PBXBuildFile section */
		033393202A1DEE01001A6B64 /* VideoControlsView.swift in Sources */ = {isa = PBXBuildFile; fileRef = 0333931F2A1DEE01001A6B64 /* VideoControlsView.swift */; };
		033393232A1E011D001A6B64 /* Constants.swift in Sources */ = {isa = PBXBuildFile; fileRef = 033393222A1E011D001A6B64 /* Constants.swift */; };
		033393252A1E0389001A6B64 /* BaseAPIClient.swift in Sources */ = {isa = PBXBuildFile; fileRef = 033393242A1E0389001A6B64 /* BaseAPIClient.swift */; };
		033393282A1E03BA001A6B64 /* StreamsAPIClient.swift in Sources */ = {isa = PBXBuildFile; fileRef = 033393272A1E03BA001A6B64 /* StreamsAPIClient.swift */; };
		0333932B2A1E05E6001A6B64 /* Alamofire in Frameworks */ = {isa = PBXBuildFile; productRef = 0333932A2A1E05E6001A6B64 /* Alamofire */; };
		0333932E2A1E0653001A6B64 /* VideoDetails.swift in Sources */ = {isa = PBXBuildFile; fileRef = 0333932D2A1E0653001A6B64 /* VideoDetails.swift */; };
		03A7F7C22A1C909D005D8BA0 /* playerWithSwiftUIApp.swift in Sources */ = {isa = PBXBuildFile; fileRef = 03A7F7C12A1C909D005D8BA0 /* playerWithSwiftUIApp.swift */; };
		03A7F7C42A1C909D005D8BA0 /* VideoPlayer.swift in Sources */ = {isa = PBXBuildFile; fileRef = 03A7F7C32A1C909D005D8BA0 /* VideoPlayer.swift */; };
		03A7F7C62A1C90A0005D8BA0 /* Assets.xcassets in Resources */ = {isa = PBXBuildFile; fileRef = 03A7F7C52A1C90A0005D8BA0 /* Assets.xcassets */; };
		03A7F7D42A1CF6C4005D8BA0 /* VideoPlaybackView.swift in Sources */ = {isa = PBXBuildFile; fileRef = 03A7F7D32A1CF6C4005D8BA0 /* VideoPlaybackView.swift */; };
		03C9E67B2A21F4CE00D2EA2F /* VideoSlider.swift in Sources */ = {isa = PBXBuildFile; fileRef = 03C9E67A2A21F4CE00D2EA2F /* VideoSlider.swift */; };
		03C9E67D2A224ED800D2EA2F /* Formatters.swift in Sources */ = {isa = PBXBuildFile; fileRef = 03C9E67C2A224ED700D2EA2F /* Formatters.swift */; };
		03CD1A7F2A21E64100AC6EA2 /* AVPlayer.swift in Sources */ = {isa = PBXBuildFile; fileRef = 03CD1A7E2A21E64100AC6EA2 /* AVPlayer.swift */; };
		03E3081F2A20E213004DE817 /* VideoPlayerViewModel.swift in Sources */ = {isa = PBXBuildFile; fileRef = 03E3081E2A20E213004DE817 /* VideoPlayerViewModel.swift */; };
/* End PBXBuildFile section */

/* Begin PBXFileReference section */
		0333931F2A1DEE01001A6B64 /* VideoControlsView.swift */ = {isa = PBXFileReference; lastKnownFileType = sourcecode.swift; path = VideoControlsView.swift; sourceTree = "<group>"; };
		033393222A1E011D001A6B64 /* Constants.swift */ = {isa = PBXFileReference; lastKnownFileType = sourcecode.swift; path = Constants.swift; sourceTree = "<group>"; };
		033393242A1E0389001A6B64 /* BaseAPIClient.swift */ = {isa = PBXFileReference; lastKnownFileType = sourcecode.swift; path = BaseAPIClient.swift; sourceTree = "<group>"; };
		033393272A1E03BA001A6B64 /* StreamsAPIClient.swift */ = {isa = PBXFileReference; lastKnownFileType = sourcecode.swift; path = StreamsAPIClient.swift; sourceTree = "<group>"; };
		0333932D2A1E0653001A6B64 /* VideoDetails.swift */ = {isa = PBXFileReference; lastKnownFileType = sourcecode.swift; path = VideoDetails.swift; sourceTree = "<group>"; };
		03A7F7BE2A1C909D005D8BA0 /* playerWithSwiftUI.app */ = {isa = PBXFileReference; explicitFileType = wrapper.application; includeInIndex = 0; path = playerWithSwiftUI.app; sourceTree = BUILT_PRODUCTS_DIR; };
		03A7F7C12A1C909D005D8BA0 /* playerWithSwiftUIApp.swift */ = {isa = PBXFileReference; lastKnownFileType = sourcecode.swift; path = playerWithSwiftUIApp.swift; sourceTree = "<group>"; };
		03A7F7C32A1C909D005D8BA0 /* VideoPlayer.swift */ = {isa = PBXFileReference; lastKnownFileType = sourcecode.swift; path = VideoPlayer.swift; sourceTree = "<group>"; };
		03A7F7C52A1C90A0005D8BA0 /* Assets.xcassets */ = {isa = PBXFileReference; lastKnownFileType = folder.assetcatalog; path = Assets.xcassets; sourceTree = "<group>"; };
		03A7F7CF2A1CC5EA005D8BA0 /* playerWithSwiftUI.entitlements */ = {isa = PBXFileReference; lastKnownFileType = text.plist.entitlements; path = playerWithSwiftUI.entitlements; sourceTree = "<group>"; };
		03A7F7D12A1CE35C005D8BA0 /* Info.plist */ = {isa = PBXFileReference; fileEncoding = 4; lastKnownFileType = text.plist.xml; path = Info.plist; sourceTree = "<group>"; };
		03A7F7D32A1CF6C4005D8BA0 /* VideoPlaybackView.swift */ = {isa = PBXFileReference; lastKnownFileType = sourcecode.swift; path = VideoPlaybackView.swift; sourceTree = "<group>"; };
		03C9E67A2A21F4CE00D2EA2F /* VideoSlider.swift */ = {isa = PBXFileReference; lastKnownFileType = sourcecode.swift; path = VideoSlider.swift; sourceTree = "<group>"; };
		03C9E67C2A224ED700D2EA2F /* Formatters.swift */ = {isa = PBXFileReference; lastKnownFileType = sourcecode.swift; path = Formatters.swift; sourceTree = "<group>"; };
		03CD1A7E2A21E64100AC6EA2 /* AVPlayer.swift */ = {isa = PBXFileReference; lastKnownFileType = sourcecode.swift; path = AVPlayer.swift; sourceTree = "<group>"; };
		03E3081E2A20E213004DE817 /* VideoPlayerViewModel.swift */ = {isa = PBXFileReference; lastKnownFileType = sourcecode.swift; path = VideoPlayerViewModel.swift; sourceTree = "<group>"; };
/* End PBXFileReference section */

/* Begin PBXFrameworksBuildPhase section */
		03A7F7BB2A1C909D005D8BA0 /* Frameworks */ = {
			isa = PBXFrameworksBuildPhase;
			buildActionMask = 2147483647;
			files = (
				0333932B2A1E05E6001A6B64 /* Alamofire in Frameworks */,
			);
			runOnlyForDeploymentPostprocessing = 0;
		};
/* End PBXFrameworksBuildPhase section */

/* Begin PBXGroup section */
		033393212A1E00D6001A6B64 /* Views */ = {
			isa = PBXGroup;
			children = (
				03A7F7C32A1C909D005D8BA0 /* VideoPlayer.swift */,
				03A7F7D32A1CF6C4005D8BA0 /* VideoPlaybackView.swift */,
				0333931F2A1DEE01001A6B64 /* VideoControlsView.swift */,
				03C9E67A2A21F4CE00D2EA2F /* VideoSlider.swift */,
			);
			path = Views;
			sourceTree = "<group>";
		};
		033393262A1E0392001A6B64 /* Network */ = {
			isa = PBXGroup;
			children = (
				033393242A1E0389001A6B64 /* BaseAPIClient.swift */,
				033393272A1E03BA001A6B64 /* StreamsAPIClient.swift */,
			);
			path = Network;
			sourceTree = "<group>";
		};
		0333932C2A1E0614001A6B64 /* Models */ = {
			isa = PBXGroup;
			children = (
				0333932D2A1E0653001A6B64 /* VideoDetails.swift */,
			);
			path = Models;
			sourceTree = "<group>";
		};
		03A7F7B52A1C909D005D8BA0 = {
			isa = PBXGroup;
			children = (
				03A7F7C02A1C909D005D8BA0 /* playerWithSwiftUI */,
				03A7F7BF2A1C909D005D8BA0 /* Products */,
			);
			sourceTree = "<group>";
		};
		03A7F7BF2A1C909D005D8BA0 /* Products */ = {
			isa = PBXGroup;
			children = (
				03A7F7BE2A1C909D005D8BA0 /* playerWithSwiftUI.app */,
			);
			name = Products;
			sourceTree = "<group>";
		};
		03A7F7C02A1C909D005D8BA0 /* playerWithSwiftUI */ = {
			isa = PBXGroup;
			children = (
				03C9E67E2A224EDD00D2EA2F /* Utils */,
				03CD1A7D2A21E62A00AC6EA2 /* Extenstions */,
				03E3081D2A20E1EF004DE817 /* ViewModel */,
				0333932C2A1E0614001A6B64 /* Models */,
				033393262A1E0392001A6B64 /* Network */,
				033393212A1E00D6001A6B64 /* Views */,
				03A7F7D12A1CE35C005D8BA0 /* Info.plist */,
				03A7F7CF2A1CC5EA005D8BA0 /* playerWithSwiftUI.entitlements */,
				03A7F7C12A1C909D005D8BA0 /* playerWithSwiftUIApp.swift */,
				03A7F7C52A1C90A0005D8BA0 /* Assets.xcassets */,
				033393222A1E011D001A6B64 /* Constants.swift */,
			);
			path = playerWithSwiftUI;
			sourceTree = "<group>";
		};
		03C9E67E2A224EDD00D2EA2F /* Utils */ = {
			isa = PBXGroup;
			children = (
				03C9E67C2A224ED700D2EA2F /* Formatters.swift */,
			);
			path = Utils;
			sourceTree = "<group>";
		};
		03CD1A7D2A21E62A00AC6EA2 /* Extenstions */ = {
			isa = PBXGroup;
			children = (
				03CD1A7E2A21E64100AC6EA2 /* AVPlayer.swift */,
			);
			path = Extenstions;
			sourceTree = "<group>";
		};
		03E3081D2A20E1EF004DE817 /* ViewModel */ = {
			isa = PBXGroup;
			children = (
				03E3081E2A20E213004DE817 /* VideoPlayerViewModel.swift */,
			);
			path = ViewModel;
			sourceTree = "<group>";
		};
/* End PBXGroup section */

/* Begin PBXNativeTarget section */
		03A7F7BD2A1C909D005D8BA0 /* playerWithSwiftUI */ = {
			isa = PBXNativeTarget;
			buildConfigurationList = 03A7F7CC2A1C90A0005D8BA0 /* Build configuration list for PBXNativeTarget "playerWithSwiftUI" */;
			buildPhases = (
				03A7F7BA2A1C909D005D8BA0 /* Sources */,
				03A7F7BB2A1C909D005D8BA0 /* Frameworks */,
				03A7F7BC2A1C909D005D8BA0 /* Resources */,
			);
			buildRules = (
			);
			dependencies = (
			);
			name = playerWithSwiftUI;
			packageProductDependencies = (
				0333932A2A1E05E6001A6B64 /* Alamofire */,
			);
			productName = playerWithSwiftUI;
			productReference = 03A7F7BE2A1C909D005D8BA0 /* playerWithSwiftUI.app */;
			productType = "com.apple.product-type.application";
		};
/* End PBXNativeTarget section */

/* Begin PBXProject section */
		03A7F7B62A1C909D005D8BA0 /* Project object */ = {
			isa = PBXProject;
			attributes = {
				BuildIndependentTargetsInParallel = 1;
				KnownAssetTags = (
					New,
				);
				LastSwiftUpdateCheck = 1430;
				LastUpgradeCheck = 1430;
				TargetAttributes = {
					03A7F7BD2A1C909D005D8BA0 = {
						CreatedOnToolsVersion = 14.3;
					};
				};
			};
			buildConfigurationList = 03A7F7B92A1C909D005D8BA0 /* Build configuration list for PBXProject "playerWithSwiftUI" */;
			compatibilityVersion = "Xcode 14.0";
			developmentRegion = en;
			hasScannedForEncodings = 0;
			knownRegions = (
				en,
				Base,
			);
			mainGroup = 03A7F7B52A1C909D005D8BA0;
			packageReferences = (
				033393292A1E05E6001A6B64 /* XCRemoteSwiftPackageReference "Alamofire" */,
			);
			productRefGroup = 03A7F7BF2A1C909D005D8BA0 /* Products */;
			projectDirPath = "";
			projectRoot = "";
			targets = (
				03A7F7BD2A1C909D005D8BA0 /* playerWithSwiftUI */,
			);
		};
/* End PBXProject section */

/* Begin PBXResourcesBuildPhase section */
		03A7F7BC2A1C909D005D8BA0 /* Resources */ = {
			isa = PBXResourcesBuildPhase;
			buildActionMask = 2147483647;
			files = (
				03A7F7C62A1C90A0005D8BA0 /* Assets.xcassets in Resources */,
			);
			runOnlyForDeploymentPostprocessing = 0;
		};
/* End PBXResourcesBuildPhase section */

/* Begin PBXSourcesBuildPhase section */
		03A7F7BA2A1C909D005D8BA0 /* Sources */ = {
			isa = PBXSourcesBuildPhase;
			buildActionMask = 2147483647;
			files = (
				03C9E67B2A21F4CE00D2EA2F /* VideoSlider.swift in Sources */,
				03E3081F2A20E213004DE817 /* VideoPlayerViewModel.swift in Sources */,
				033393232A1E011D001A6B64 /* Constants.swift in Sources */,
				03A7F7C42A1C909D005D8BA0 /* VideoPlayer.swift in Sources */,
				0333932E2A1E0653001A6B64 /* VideoDetails.swift in Sources */,
				033393252A1E0389001A6B64 /* BaseAPIClient.swift in Sources */,
				03C9E67D2A224ED800D2EA2F /* Formatters.swift in Sources */,
				03A7F7C22A1C909D005D8BA0 /* playerWithSwiftUIApp.swift in Sources */,
				033393282A1E03BA001A6B64 /* StreamsAPIClient.swift in Sources */,
				03A7F7D42A1CF6C4005D8BA0 /* VideoPlaybackView.swift in Sources */,
				033393202A1DEE01001A6B64 /* VideoControlsView.swift in Sources */,
				03CD1A7F2A21E64100AC6EA2 /* AVPlayer.swift in Sources */,
			);
			runOnlyForDeploymentPostprocessing = 0;
		};
/* End PBXSourcesBuildPhase section */

/* Begin XCBuildConfiguration section */
		03A7F7CA2A1C90A0005D8BA0 /* Debug */ = {
			isa = XCBuildConfiguration;
			buildSettings = {
				ALWAYS_SEARCH_USER_PATHS = NO;
				CLANG_ANALYZER_NONNULL = YES;
				CLANG_ANALYZER_NUMBER_OBJECT_CONVERSION = YES_AGGRESSIVE;
				CLANG_CXX_LANGUAGE_STANDARD = "gnu++20";
				CLANG_ENABLE_MODULES = YES;
				CLANG_ENABLE_OBJC_ARC = YES;
				CLANG_ENABLE_OBJC_WEAK = YES;
				CLANG_WARN_BLOCK_CAPTURE_AUTORELEASING = YES;
				CLANG_WARN_BOOL_CONVERSION = YES;
				CLANG_WARN_COMMA = YES;
				CLANG_WARN_CONSTANT_CONVERSION = YES;
				CLANG_WARN_DEPRECATED_OBJC_IMPLEMENTATIONS = YES;
				CLANG_WARN_DIRECT_OBJC_ISA_USAGE = YES_ERROR;
				CLANG_WARN_DOCUMENTATION_COMMENTS = YES;
				CLANG_WARN_EMPTY_BODY = YES;
				CLANG_WARN_ENUM_CONVERSION = YES;
				CLANG_WARN_INFINITE_RECURSION = YES;
				CLANG_WARN_INT_CONVERSION = YES;
				CLANG_WARN_NON_LITERAL_NULL_CONVERSION = YES;
				CLANG_WARN_OBJC_IMPLICIT_RETAIN_SELF = YES;
				CLANG_WARN_OBJC_LITERAL_CONVERSION = YES;
				CLANG_WARN_OBJC_ROOT_CLASS = YES_ERROR;
				CLANG_WARN_QUOTED_INCLUDE_IN_FRAMEWORK_HEADER = YES;
				CLANG_WARN_RANGE_LOOP_ANALYSIS = YES;
				CLANG_WARN_STRICT_PROTOTYPES = YES;
				CLANG_WARN_SUSPICIOUS_MOVE = YES;
				CLANG_WARN_UNGUARDED_AVAILABILITY = YES_AGGRESSIVE;
				CLANG_WARN_UNREACHABLE_CODE = YES;
				CLANG_WARN__DUPLICATE_METHOD_MATCH = YES;
				COPY_PHASE_STRIP = NO;
				DEBUG_INFORMATION_FORMAT = dwarf;
				ENABLE_STRICT_OBJC_MSGSEND = YES;
				ENABLE_TESTABILITY = YES;
				GCC_C_LANGUAGE_STANDARD = gnu11;
				GCC_DYNAMIC_NO_PIC = NO;
				GCC_NO_COMMON_BLOCKS = YES;
				GCC_OPTIMIZATION_LEVEL = 0;
				GCC_PREPROCESSOR_DEFINITIONS = (
					"DEBUG=1",
					"$(inherited)",
				);
				GCC_WARN_64_TO_32_BIT_CONVERSION = YES;
				GCC_WARN_ABOUT_RETURN_TYPE = YES_ERROR;
				GCC_WARN_UNDECLARED_SELECTOR = YES;
				GCC_WARN_UNINITIALIZED_AUTOS = YES_AGGRESSIVE;
				GCC_WARN_UNUSED_FUNCTION = YES;
				GCC_WARN_UNUSED_VARIABLE = YES;
				IPHONEOS_DEPLOYMENT_TARGET = 16.4;
				MTL_ENABLE_DEBUG_INFO = INCLUDE_SOURCE;
				MTL_FAST_MATH = YES;
				ONLY_ACTIVE_ARCH = YES;
				SDKROOT = iphoneos;
				SWIFT_ACTIVE_COMPILATION_CONDITIONS = DEBUG;
				SWIFT_OPTIMIZATION_LEVEL = "-Onone";
			};
			name = Debug;
		};
		03A7F7CB2A1C90A0005D8BA0 /* Release */ = {
			isa = XCBuildConfiguration;
			buildSettings = {
				ALWAYS_SEARCH_USER_PATHS = NO;
				CLANG_ANALYZER_NONNULL = YES;
				CLANG_ANALYZER_NUMBER_OBJECT_CONVERSION = YES_AGGRESSIVE;
				CLANG_CXX_LANGUAGE_STANDARD = "gnu++20";
				CLANG_ENABLE_MODULES = YES;
				CLANG_ENABLE_OBJC_ARC = YES;
				CLANG_ENABLE_OBJC_WEAK = YES;
				CLANG_WARN_BLOCK_CAPTURE_AUTORELEASING = YES;
				CLANG_WARN_BOOL_CONVERSION = YES;
				CLANG_WARN_COMMA = YES;
				CLANG_WARN_CONSTANT_CONVERSION = YES;
				CLANG_WARN_DEPRECATED_OBJC_IMPLEMENTATIONS = YES;
				CLANG_WARN_DIRECT_OBJC_ISA_USAGE = YES_ERROR;
				CLANG_WARN_DOCUMENTATION_COMMENTS = YES;
				CLANG_WARN_EMPTY_BODY = YES;
				CLANG_WARN_ENUM_CONVERSION = YES;
				CLANG_WARN_INFINITE_RECURSION = YES;
				CLANG_WARN_INT_CONVERSION = YES;
				CLANG_WARN_NON_LITERAL_NULL_CONVERSION = YES;
				CLANG_WARN_OBJC_IMPLICIT_RETAIN_SELF = YES;
				CLANG_WARN_OBJC_LITERAL_CONVERSION = YES;
				CLANG_WARN_OBJC_ROOT_CLASS = YES_ERROR;
				CLANG_WARN_QUOTED_INCLUDE_IN_FRAMEWORK_HEADER = YES;
				CLANG_WARN_RANGE_LOOP_ANALYSIS = YES;
				CLANG_WARN_STRICT_PROTOTYPES = YES;
				CLANG_WARN_SUSPICIOUS_MOVE = YES;
				CLANG_WARN_UNGUARDED_AVAILABILITY = YES_AGGRESSIVE;
				CLANG_WARN_UNREACHABLE_CODE = YES;
				CLANG_WARN__DUPLICATE_METHOD_MATCH = YES;
				COPY_PHASE_STRIP = NO;
				DEBUG_INFORMATION_FORMAT = "dwarf-with-dsym";
				ENABLE_NS_ASSERTIONS = NO;
				ENABLE_STRICT_OBJC_MSGSEND = YES;
				GCC_C_LANGUAGE_STANDARD = gnu11;
				GCC_NO_COMMON_BLOCKS = YES;
				GCC_WARN_64_TO_32_BIT_CONVERSION = YES;
				GCC_WARN_ABOUT_RETURN_TYPE = YES_ERROR;
				GCC_WARN_UNDECLARED_SELECTOR = YES;
				GCC_WARN_UNINITIALIZED_AUTOS = YES_AGGRESSIVE;
				GCC_WARN_UNUSED_FUNCTION = YES;
				GCC_WARN_UNUSED_VARIABLE = YES;
				IPHONEOS_DEPLOYMENT_TARGET = 16.4;
				MTL_ENABLE_DEBUG_INFO = NO;
				MTL_FAST_MATH = YES;
				SDKROOT = iphoneos;
				SWIFT_COMPILATION_MODE = wholemodule;
				SWIFT_OPTIMIZATION_LEVEL = "-O";
				VALIDATE_PRODUCT = YES;
			};
			name = Release;
		};
		03A7F7CD2A1C90A0005D8BA0 /* Debug */ = {
			isa = XCBuildConfiguration;
			buildSettings = {
				ASSETCATALOG_COMPILER_APPICON_NAME = AppIcon;
				ASSETCATALOG_COMPILER_GLOBAL_ACCENT_COLOR_NAME = AccentColor;
				CODE_SIGN_ENTITLEMENTS = playerWithSwiftUI/playerWithSwiftUI.entitlements;
				CODE_SIGN_STYLE = Automatic;
				CURRENT_PROJECT_VERSION = 1;
				DEVELOPMENT_ASSET_PATHS = "";
				DEVELOPMENT_TEAM = BHAB7LC35Y;
				ENABLE_PREVIEWS = YES;
				GENERATE_INFOPLIST_FILE = YES;
				INFOPLIST_FILE = playerWithSwiftUI/Info.plist;
				INFOPLIST_KEY_UIApplicationSceneManifest_Generation = YES;
				INFOPLIST_KEY_UIApplicationSupportsIndirectInputEvents = YES;
				INFOPLIST_KEY_UILaunchScreen_Generation = YES;
				INFOPLIST_KEY_UISupportedInterfaceOrientations_iPad = "UIInterfaceOrientationPortrait UIInterfaceOrientationPortraitUpsideDown UIInterfaceOrientationLandscapeLeft UIInterfaceOrientationLandscapeRight";
				INFOPLIST_KEY_UISupportedInterfaceOrientations_iPhone = "UIInterfaceOrientationPortrait UIInterfaceOrientationLandscapeLeft UIInterfaceOrientationLandscapeRight";
				IPHONEOS_DEPLOYMENT_TARGET = 14.0;
				LD_RUNPATH_SEARCH_PATHS = (
					"$(inherited)",
					"@executable_path/Frameworks",
				);
				MARKETING_VERSION = 1.0;
				PRODUCT_BUNDLE_IDENTIFIER = com.tpstreams.playerWithSwiftUI;
				PRODUCT_NAME = "$(TARGET_NAME)";
				SWIFT_EMIT_LOC_STRINGS = YES;
				SWIFT_VERSION = 5.0;
				TARGETED_DEVICE_FAMILY = "1,2";
			};
			name = Debug;
		};
		03A7F7CE2A1C90A0005D8BA0 /* Release */ = {
			isa = XCBuildConfiguration;
			buildSettings = {
				ASSETCATALOG_COMPILER_APPICON_NAME = AppIcon;
				ASSETCATALOG_COMPILER_GLOBAL_ACCENT_COLOR_NAME = AccentColor;
				CODE_SIGN_ENTITLEMENTS = playerWithSwiftUI/playerWithSwiftUI.entitlements;
				CODE_SIGN_STYLE = Automatic;
				CURRENT_PROJECT_VERSION = 1;
				DEVELOPMENT_ASSET_PATHS = "";
				DEVELOPMENT_TEAM = BHAB7LC35Y;
				ENABLE_PREVIEWS = YES;
				GENERATE_INFOPLIST_FILE = YES;
				INFOPLIST_FILE = playerWithSwiftUI/Info.plist;
				INFOPLIST_KEY_UIApplicationSceneManifest_Generation = YES;
				INFOPLIST_KEY_UIApplicationSupportsIndirectInputEvents = YES;
				INFOPLIST_KEY_UILaunchScreen_Generation = YES;
				INFOPLIST_KEY_UISupportedInterfaceOrientations_iPad = "UIInterfaceOrientationPortrait UIInterfaceOrientationPortraitUpsideDown UIInterfaceOrientationLandscapeLeft UIInterfaceOrientationLandscapeRight";
				INFOPLIST_KEY_UISupportedInterfaceOrientations_iPhone = "UIInterfaceOrientationPortrait UIInterfaceOrientationLandscapeLeft UIInterfaceOrientationLandscapeRight";
				IPHONEOS_DEPLOYMENT_TARGET = 14.0;
				LD_RUNPATH_SEARCH_PATHS = (
					"$(inherited)",
					"@executable_path/Frameworks",
				);
				MARKETING_VERSION = 1.0;
				PRODUCT_BUNDLE_IDENTIFIER = com.tpstreams.playerWithSwiftUI;
				PRODUCT_NAME = "$(TARGET_NAME)";
				SWIFT_EMIT_LOC_STRINGS = YES;
				SWIFT_VERSION = 5.0;
				TARGETED_DEVICE_FAMILY = "1,2";
			};
			name = Release;
		};
/* End XCBuildConfiguration section */

/* Begin XCConfigurationList section */
		03A7F7B92A1C909D005D8BA0 /* Build configuration list for PBXProject "playerWithSwiftUI" */ = {
			isa = XCConfigurationList;
			buildConfigurations = (
				03A7F7CA2A1C90A0005D8BA0 /* Debug */,
				03A7F7CB2A1C90A0005D8BA0 /* Release */,
			);
			defaultConfigurationIsVisible = 0;
			defaultConfigurationName = Release;
		};
		03A7F7CC2A1C90A0005D8BA0 /* Build configuration list for PBXNativeTarget "playerWithSwiftUI" */ = {
			isa = XCConfigurationList;
			buildConfigurations = (
				03A7F7CD2A1C90A0005D8BA0 /* Debug */,
				03A7F7CE2A1C90A0005D8BA0 /* Release */,
			);
			defaultConfigurationIsVisible = 0;
			defaultConfigurationName = Release;
		};
/* End XCConfigurationList section */

/* Begin XCRemoteSwiftPackageReference section */
		033393292A1E05E6001A6B64 /* XCRemoteSwiftPackageReference "Alamofire" */ = {
			isa = XCRemoteSwiftPackageReference;
			repositoryURL = "https://github.com/Alamofire/Alamofire";
			requirement = {
				kind = upToNextMajorVersion;
				minimumVersion = 5.0.0;
			};
		};
/* End XCRemoteSwiftPackageReference section */

/* Begin XCSwiftPackageProductDependency section */
		0333932A2A1E05E6001A6B64 /* Alamofire */ = {
			isa = XCSwiftPackageProductDependency;
			package = 033393292A1E05E6001A6B64 /* XCRemoteSwiftPackageReference "Alamofire" */;
			productName = Alamofire;
		};
/* End XCSwiftPackageProductDependency section */
	};
	rootObject = 03A7F7B62A1C909D005D8BA0 /* Project object */;
}
